
Microsoft Visual Studio Solution File, Format Version 12.00
# Visual Studio 15
VisualStudioVersion = 15.0.26403.7
MinimumVisualStudioVersion = 10.0.40219.1
Project("{FAE04EC0-301F-11D3-BF4B-00C04F79EFBC}") = "Linehaul_Helper", "Linehaul Helper\Linehaul_Helper\Linehaul_Helper.csproj", "{338141D1-8BA3-436E-9994-C75441D5A58E}"
EndProject
Project("{FAE04EC0-301F-11D3-BF4B-00C04F79EFBC}") = "Linehaul_Helper.Android", "Linehaul Helper\Linehaul_Helper.Android\Linehaul_Helper.Android.csproj", "{DDA46739-C269-468F-ACB9-FE7DD363764C}"
EndProject
Project("{FAE04EC0-301F-11D3-BF4B-00C04F79EFBC}") = "Linehaul_Helper.iOS", "Linehaul Helper\Linehaul_Helper.iOS\Linehaul_Helper.iOS.csproj", "{52B40D02-BFF7-42DC-BD64-CF514ED00D5F}"
EndProject
Project("{FAE04EC0-301F-11D3-BF4B-00C04F79EFBC}") = "Linehaul_Helper.UWP", "Linehaul Helper\Linehaul_Helper.UWP\Linehaul_Helper.UWP.csproj", "{AF327370-F5E6-45DF-AB66-535DE9A77227}"
EndProject
Project("{FAE04EC0-301F-11D3-BF4B-00C04F79EFBC}") = "Linehaul_Helper.UnitTest", "Linehaul_Helper.UnitTest\Linehaul_Helper.UnitTest.csproj", "{4AB1F3C5-1051-44B1-9E60-4D87F4A94E1E}"
EndProject
Global
	GlobalSection(SolutionConfigurationPlatforms) = preSolution
		Debug|Any CPU = Debug|Any CPU
		Debug|ARM = Debug|ARM
		Debug|iPhone = Debug|iPhone
		Debug|iPhoneSimulator = Debug|iPhoneSimulator
		Debug|x64 = Debug|x64
		Debug|x86 = Debug|x86
		Release|Any CPU = Release|Any CPU
		Release|ARM = Release|ARM
		Release|iPhone = Release|iPhone
		Release|iPhoneSimulator = Release|iPhoneSimulator
		Release|x64 = Release|x64
		Release|x86 = Release|x86
		Test|Any CPU = Test|Any CPU
		Test|ARM = Test|ARM
		Test|iPhone = Test|iPhone
		Test|iPhoneSimulator = Test|iPhoneSimulator
		Test|x64 = Test|x64
		Test|x86 = Test|x86
	EndGlobalSection
	GlobalSection(ProjectConfigurationPlatforms) = postSolution
		{338141D1-8BA3-436E-9994-C75441D5A58E}.Debug|Any CPU.ActiveCfg = Debug|Any CPU
		{338141D1-8BA3-436E-9994-C75441D5A58E}.Debug|Any CPU.Build.0 = Debug|Any CPU
		{338141D1-8BA3-436E-9994-C75441D5A58E}.Debug|ARM.ActiveCfg = Debug|Any CPU
		{338141D1-8BA3-436E-9994-C75441D5A58E}.Debug|ARM.Build.0 = Debug|Any CPU
		{338141D1-8BA3-436E-9994-C75441D5A58E}.Debug|iPhone.ActiveCfg = Debug|Any CPU
		{338141D1-8BA3-436E-9994-C75441D5A58E}.Debug|iPhone.Build.0 = Debug|Any CPU
		{338141D1-8BA3-436E-9994-C75441D5A58E}.Debug|iPhoneSimulator.ActiveCfg = Debug|Any CPU
		{338141D1-8BA3-436E-9994-C75441D5A58E}.Debug|iPhoneSimulator.Build.0 = Debug|Any CPU
		{338141D1-8BA3-436E-9994-C75441D5A58E}.Debug|x64.ActiveCfg = Debug|Any CPU
		{338141D1-8BA3-436E-9994-C75441D5A58E}.Debug|x64.Build.0 = Debug|Any CPU
		{338141D1-8BA3-436E-9994-C75441D5A58E}.Debug|x86.ActiveCfg = Debug|Any CPU
		{338141D1-8BA3-436E-9994-C75441D5A58E}.Debug|x86.Build.0 = Debug|Any CPU
		{338141D1-8BA3-436E-9994-C75441D5A58E}.Release|Any CPU.ActiveCfg = Release|Any CPU
		{338141D1-8BA3-436E-9994-C75441D5A58E}.Release|Any CPU.Build.0 = Release|Any CPU
		{338141D1-8BA3-436E-9994-C75441D5A58E}.Release|ARM.ActiveCfg = Release|Any CPU
		{338141D1-8BA3-436E-9994-C75441D5A58E}.Release|ARM.Build.0 = Release|Any CPU
		{338141D1-8BA3-436E-9994-C75441D5A58E}.Release|iPhone.ActiveCfg = Release|Any CPU
		{338141D1-8BA3-436E-9994-C75441D5A58E}.Release|iPhone.Build.0 = Release|Any CPU
		{338141D1-8BA3-436E-9994-C75441D5A58E}.Release|iPhoneSimulator.ActiveCfg = Release|Any CPU
		{338141D1-8BA3-436E-9994-C75441D5A58E}.Release|iPhoneSimulator.Build.0 = Release|Any CPU
		{338141D1-8BA3-436E-9994-C75441D5A58E}.Release|x64.ActiveCfg = Release|Any CPU
		{338141D1-8BA3-436E-9994-C75441D5A58E}.Release|x64.Build.0 = Release|Any CPU
		{338141D1-8BA3-436E-9994-C75441D5A58E}.Release|x86.ActiveCfg = Release|Any CPU
		{338141D1-8BA3-436E-9994-C75441D5A58E}.Release|x86.Build.0 = Release|Any CPU
		{338141D1-8BA3-436E-9994-C75441D5A58E}.Test|Any CPU.ActiveCfg = Debug|Any CPU
		{338141D1-8BA3-436E-9994-C75441D5A58E}.Test|Any CPU.Build.0 = Debug|Any CPU
		{338141D1-8BA3-436E-9994-C75441D5A58E}.Test|ARM.ActiveCfg = Release|Any CPU
		{338141D1-8BA3-436E-9994-C75441D5A58E}.Test|ARM.Build.0 = Release|Any CPU
		{338141D1-8BA3-436E-9994-C75441D5A58E}.Test|iPhone.ActiveCfg = Release|Any CPU
		{338141D1-8BA3-436E-9994-C75441D5A58E}.Test|iPhone.Build.0 = Release|Any CPU
		{338141D1-8BA3-436E-9994-C75441D5A58E}.Test|iPhoneSimulator.ActiveCfg = Release|Any CPU
		{338141D1-8BA3-436E-9994-C75441D5A58E}.Test|iPhoneSimulator.Build.0 = Release|Any CPU
		{338141D1-8BA3-436E-9994-C75441D5A58E}.Test|x64.ActiveCfg = Release|Any CPU
		{338141D1-8BA3-436E-9994-C75441D5A58E}.Test|x64.Build.0 = Release|Any CPU
		{338141D1-8BA3-436E-9994-C75441D5A58E}.Test|x86.ActiveCfg = Release|Any CPU
		{338141D1-8BA3-436E-9994-C75441D5A58E}.Test|x86.Build.0 = Release|Any CPU
		{DDA46739-C269-468F-ACB9-FE7DD363764C}.Debug|Any CPU.ActiveCfg = Debug|Any CPU
		{DDA46739-C269-468F-ACB9-FE7DD363764C}.Debug|Any CPU.Build.0 = Debug|Any CPU
		{DDA46739-C269-468F-ACB9-FE7DD363764C}.Debug|Any CPU.Deploy.0 = Debug|Any CPU
		{DDA46739-C269-468F-ACB9-FE7DD363764C}.Debug|ARM.ActiveCfg = Debug|Any CPU
		{DDA46739-C269-468F-ACB9-FE7DD363764C}.Debug|ARM.Build.0 = Debug|Any CPU
		{DDA46739-C269-468F-ACB9-FE7DD363764C}.Debug|ARM.Deploy.0 = Debug|Any CPU
		{DDA46739-C269-468F-ACB9-FE7DD363764C}.Debug|iPhone.ActiveCfg = Debug|Any CPU
		{DDA46739-C269-468F-ACB9-FE7DD363764C}.Debug|iPhone.Build.0 = Debug|Any CPU
		{DDA46739-C269-468F-ACB9-FE7DD363764C}.Debug|iPhone.Deploy.0 = Debug|Any CPU
		{DDA46739-C269-468F-ACB9-FE7DD363764C}.Debug|iPhoneSimulator.ActiveCfg = Debug|Any CPU
		{DDA46739-C269-468F-ACB9-FE7DD363764C}.Debug|iPhoneSimulator.Build.0 = Debug|Any CPU
		{DDA46739-C269-468F-ACB9-FE7DD363764C}.Debug|iPhoneSimulator.Deploy.0 = Debug|Any CPU
		{DDA46739-C269-468F-ACB9-FE7DD363764C}.Debug|x64.ActiveCfg = Debug|Any CPU
		{DDA46739-C269-468F-ACB9-FE7DD363764C}.Debug|x64.Build.0 = Debug|Any CPU
		{DDA46739-C269-468F-ACB9-FE7DD363764C}.Debug|x64.Deploy.0 = Debug|Any CPU
		{DDA46739-C269-468F-ACB9-FE7DD363764C}.Debug|x86.ActiveCfg = Debug|Any CPU
		{DDA46739-C269-468F-ACB9-FE7DD363764C}.Release|Any CPU.ActiveCfg = Release|Any CPU
		{DDA46739-C269-468F-ACB9-FE7DD363764C}.Release|Any CPU.Build.0 = Release|Any CPU
		{DDA46739-C269-468F-ACB9-FE7DD363764C}.Release|Any CPU.Deploy.0 = Release|Any CPU
		{DDA46739-C269-468F-ACB9-FE7DD363764C}.Release|ARM.ActiveCfg = Release|Any CPU
		{DDA46739-C269-468F-ACB9-FE7DD363764C}.Release|ARM.Build.0 = Release|Any CPU
		{DDA46739-C269-468F-ACB9-FE7DD363764C}.Release|ARM.Deploy.0 = Release|Any CPU
		{DDA46739-C269-468F-ACB9-FE7DD363764C}.Release|iPhone.ActiveCfg = Release|Any CPU
		{DDA46739-C269-468F-ACB9-FE7DD363764C}.Release|iPhone.Build.0 = Release|Any CPU
		{DDA46739-C269-468F-ACB9-FE7DD363764C}.Release|iPhone.Deploy.0 = Release|Any CPU
		{DDA46739-C269-468F-ACB9-FE7DD363764C}.Release|iPhoneSimulator.ActiveCfg = Release|Any CPU
		{DDA46739-C269-468F-ACB9-FE7DD363764C}.Release|iPhoneSimulator.Build.0 = Release|Any CPU
		{DDA46739-C269-468F-ACB9-FE7DD363764C}.Release|iPhoneSimulator.Deploy.0 = Release|Any CPU
		{DDA46739-C269-468F-ACB9-FE7DD363764C}.Release|x64.ActiveCfg = Release|Any CPU
		{DDA46739-C269-468F-ACB9-FE7DD363764C}.Release|x64.Build.0 = Release|Any CPU
		{DDA46739-C269-468F-ACB9-FE7DD363764C}.Release|x64.Deploy.0 = Release|Any CPU
		{DDA46739-C269-468F-ACB9-FE7DD363764C}.Release|x86.ActiveCfg = Release|Any CPU
		{DDA46739-C269-468F-ACB9-FE7DD363764C}.Release|x86.Build.0 = Release|Any CPU
		{DDA46739-C269-468F-ACB9-FE7DD363764C}.Release|x86.Deploy.0 = Release|Any CPU
		{DDA46739-C269-468F-ACB9-FE7DD363764C}.Test|Any CPU.ActiveCfg = Release|Any CPU
		{DDA46739-C269-468F-ACB9-FE7DD363764C}.Test|ARM.ActiveCfg = Release|Any CPU
		{DDA46739-C269-468F-ACB9-FE7DD363764C}.Test|ARM.Build.0 = Release|Any CPU
		{DDA46739-C269-468F-ACB9-FE7DD363764C}.Test|ARM.Deploy.0 = Release|Any CPU
		{DDA46739-C269-468F-ACB9-FE7DD363764C}.Test|iPhone.ActiveCfg = Release|Any CPU
		{DDA46739-C269-468F-ACB9-FE7DD363764C}.Test|iPhone.Build.0 = Release|Any CPU
		{DDA46739-C269-468F-ACB9-FE7DD363764C}.Test|iPhone.Deploy.0 = Release|Any CPU
		{DDA46739-C269-468F-ACB9-FE7DD363764C}.Test|iPhoneSimulator.ActiveCfg = Release|Any CPU
		{DDA46739-C269-468F-ACB9-FE7DD363764C}.Test|iPhoneSimulator.Build.0 = Release|Any CPU
		{DDA46739-C269-468F-ACB9-FE7DD363764C}.Test|iPhoneSimulator.Deploy.0 = Release|Any CPU
		{DDA46739-C269-468F-ACB9-FE7DD363764C}.Test|x64.ActiveCfg = Release|Any CPU
		{DDA46739-C269-468F-ACB9-FE7DD363764C}.Test|x64.Build.0 = Release|Any CPU
		{DDA46739-C269-468F-ACB9-FE7DD363764C}.Test|x64.Deploy.0 = Release|Any CPU
		{DDA46739-C269-468F-ACB9-FE7DD363764C}.Test|x86.ActiveCfg = Release|Any CPU
		{DDA46739-C269-468F-ACB9-FE7DD363764C}.Test|x86.Build.0 = Release|Any CPU
		{DDA46739-C269-468F-ACB9-FE7DD363764C}.Test|x86.Deploy.0 = Release|Any CPU
		{52B40D02-BFF7-42DC-BD64-CF514ED00D5F}.Debug|Any CPU.ActiveCfg = Debug|iPhone
		{52B40D02-BFF7-42DC-BD64-CF514ED00D5F}.Debug|ARM.ActiveCfg = Debug|iPhone
		{52B40D02-BFF7-42DC-BD64-CF514ED00D5F}.Debug|iPhone.ActiveCfg = Debug|iPhone
		{52B40D02-BFF7-42DC-BD64-CF514ED00D5F}.Debug|iPhone.Deploy.0 = Debug|iPhone
		{52B40D02-BFF7-42DC-BD64-CF514ED00D5F}.Debug|iPhoneSimulator.ActiveCfg = Debug|iPhoneSimulator
		{52B40D02-BFF7-42DC-BD64-CF514ED00D5F}.Debug|iPhoneSimulator.Build.0 = Debug|iPhoneSimulator
		{52B40D02-BFF7-42DC-BD64-CF514ED00D5F}.Debug|x64.ActiveCfg = Debug|iPhone
		{52B40D02-BFF7-42DC-BD64-CF514ED00D5F}.Debug|x86.ActiveCfg = Debug|iPhone
		{52B40D02-BFF7-42DC-BD64-CF514ED00D5F}.Debug|x86.Build.0 = Debug|iPhone
		{52B40D02-BFF7-42DC-BD64-CF514ED00D5F}.Debug|x86.Deploy.0 = Debug|iPhone
		{52B40D02-BFF7-42DC-BD64-CF514ED00D5F}.Release|Any CPU.ActiveCfg = Release|iPhone
		{52B40D02-BFF7-42DC-BD64-CF514ED00D5F}.Release|ARM.ActiveCfg = Release|iPhone
		{52B40D02-BFF7-42DC-BD64-CF514ED00D5F}.Release|iPhone.ActiveCfg = Release|iPhone
		{52B40D02-BFF7-42DC-BD64-CF514ED00D5F}.Release|iPhone.Build.0 = Release|iPhone
		{52B40D02-BFF7-42DC-BD64-CF514ED00D5F}.Release|iPhoneSimulator.ActiveCfg = Release|iPhoneSimulator
		{52B40D02-BFF7-42DC-BD64-CF514ED00D5F}.Release|iPhoneSimulator.Build.0 = Release|iPhoneSimulator
		{52B40D02-BFF7-42DC-BD64-CF514ED00D5F}.Release|x64.ActiveCfg = Release|iPhone
		{52B40D02-BFF7-42DC-BD64-CF514ED00D5F}.Release|x86.ActiveCfg = Release|iPhone
		{52B40D02-BFF7-42DC-BD64-CF514ED00D5F}.Test|Any CPU.ActiveCfg = Release|iPhoneSimulator
		{52B40D02-BFF7-42DC-BD64-CF514ED00D5F}.Test|ARM.ActiveCfg = Release|iPhoneSimulator
		{52B40D02-BFF7-42DC-BD64-CF514ED00D5F}.Test|ARM.Build.0 = Release|iPhoneSimulator
		{52B40D02-BFF7-42DC-BD64-CF514ED00D5F}.Test|iPhone.ActiveCfg = Release|iPhone
		{52B40D02-BFF7-42DC-BD64-CF514ED00D5F}.Test|iPhone.Build.0 = Release|iPhone
		{52B40D02-BFF7-42DC-BD64-CF514ED00D5F}.Test|iPhoneSimulator.ActiveCfg = Release|iPhoneSimulator
		{52B40D02-BFF7-42DC-BD64-CF514ED00D5F}.Test|iPhoneSimulator.Build.0 = Release|iPhoneSimulator
		{52B40D02-BFF7-42DC-BD64-CF514ED00D5F}.Test|x64.ActiveCfg = Release|iPhoneSimulator
		{52B40D02-BFF7-42DC-BD64-CF514ED00D5F}.Test|x64.Build.0 = Release|iPhoneSimulator
		{52B40D02-BFF7-42DC-BD64-CF514ED00D5F}.Test|x86.ActiveCfg = Release|iPhoneSimulator
		{52B40D02-BFF7-42DC-BD64-CF514ED00D5F}.Test|x86.Build.0 = Release|iPhoneSimulator
		{AF327370-F5E6-45DF-AB66-535DE9A77227}.Debug|Any CPU.ActiveCfg = Debug|x86
		{AF327370-F5E6-45DF-AB66-535DE9A77227}.Debug|Any CPU.Build.0 = Debug|x86
		{AF327370-F5E6-45DF-AB66-535DE9A77227}.Debug|Any CPU.Deploy.0 = Debug|x86
		{AF327370-F5E6-45DF-AB66-535DE9A77227}.Debug|ARM.ActiveCfg = Debug|ARM
		{AF327370-F5E6-45DF-AB66-535DE9A77227}.Debug|ARM.Build.0 = Debug|ARM
		{AF327370-F5E6-45DF-AB66-535DE9A77227}.Debug|ARM.Deploy.0 = Debug|ARM
		{AF327370-F5E6-45DF-AB66-535DE9A77227}.Debug|iPhone.ActiveCfg = Debug|x86
		{AF327370-F5E6-45DF-AB66-535DE9A77227}.Debug|iPhone.Build.0 = Debug|x86
		{AF327370-F5E6-45DF-AB66-535DE9A77227}.Debug|iPhone.Deploy.0 = Debug|x86
		{AF327370-F5E6-45DF-AB66-535DE9A77227}.Debug|iPhoneSimulator.ActiveCfg = Debug|x86
		{AF327370-F5E6-45DF-AB66-535DE9A77227}.Debug|x64.ActiveCfg = Debug|x64
		{AF327370-F5E6-45DF-AB66-535DE9A77227}.Debug|x64.Build.0 = Debug|x64
		{AF327370-F5E6-45DF-AB66-535DE9A77227}.Debug|x64.Deploy.0 = Debug|x64
		{AF327370-F5E6-45DF-AB66-535DE9A77227}.Debug|x86.ActiveCfg = Debug|x86
		{AF327370-F5E6-45DF-AB66-535DE9A77227}.Debug|x86.Build.0 = Debug|x86
		{AF327370-F5E6-45DF-AB66-535DE9A77227}.Debug|x86.Deploy.0 = Debug|x86
		{AF327370-F5E6-45DF-AB66-535DE9A77227}.Release|Any CPU.ActiveCfg = Release|x86
		{AF327370-F5E6-45DF-AB66-535DE9A77227}.Release|ARM.ActiveCfg = Release|ARM
		{AF327370-F5E6-45DF-AB66-535DE9A77227}.Release|ARM.Build.0 = Release|ARM
		{AF327370-F5E6-45DF-AB66-535DE9A77227}.Release|ARM.Deploy.0 = Release|ARM
		{AF327370-F5E6-45DF-AB66-535DE9A77227}.Release|iPhone.ActiveCfg = Release|x86
		{AF327370-F5E6-45DF-AB66-535DE9A77227}.Release|iPhoneSimulator.ActiveCfg = Release|x86
		{AF327370-F5E6-45DF-AB66-535DE9A77227}.Release|x64.ActiveCfg = Release|x64
		{AF327370-F5E6-45DF-AB66-535DE9A77227}.Release|x64.Build.0 = Release|x64
		{AF327370-F5E6-45DF-AB66-535DE9A77227}.Release|x64.Deploy.0 = Release|x64
		{AF327370-F5E6-45DF-AB66-535DE9A77227}.Release|x86.ActiveCfg = Release|x86
		{AF327370-F5E6-45DF-AB66-535DE9A77227}.Release|x86.Build.0 = Release|x86
		{AF327370-F5E6-45DF-AB66-535DE9A77227}.Release|x86.Deploy.0 = Release|x86
		{AF327370-F5E6-45DF-AB66-535DE9A77227}.Test|Any CPU.ActiveCfg = Release|x64
		{AF327370-F5E6-45DF-AB66-535DE9A77227}.Test|Any CPU.Build.0 = Release|x64
		{AF327370-F5E6-45DF-AB66-535DE9A77227}.Test|Any CPU.Deploy.0 = Release|x64
		{AF327370-F5E6-45DF-AB66-535DE9A77227}.Test|ARM.ActiveCfg = Release|ARM
		{AF327370-F5E6-45DF-AB66-535DE9A77227}.Test|ARM.Build.0 = Release|ARM
		{AF327370-F5E6-45DF-AB66-535DE9A77227}.Test|ARM.Deploy.0 = Release|ARM
		{AF327370-F5E6-45DF-AB66-535DE9A77227}.Test|iPhone.ActiveCfg = Release|x64
		{AF327370-F5E6-45DF-AB66-535DE9A77227}.Test|iPhone.Build.0 = Release|x64
		{AF327370-F5E6-45DF-AB66-535DE9A77227}.Test|iPhone.Deploy.0 = Release|x64
		{AF327370-F5E6-45DF-AB66-535DE9A77227}.Test|iPhoneSimulator.ActiveCfg = Release|x64
		{AF327370-F5E6-45DF-AB66-535DE9A77227}.Test|iPhoneSimulator.Build.0 = Release|x64
		{AF327370-F5E6-45DF-AB66-535DE9A77227}.Test|iPhoneSimulator.Deploy.0 = Release|x64
		{AF327370-F5E6-45DF-AB66-535DE9A77227}.Test|x64.ActiveCfg = Release|x64
		{AF327370-F5E6-45DF-AB66-535DE9A77227}.Test|x64.Build.0 = Release|x64
		{AF327370-F5E6-45DF-AB66-535DE9A77227}.Test|x64.Deploy.0 = Release|x64
		{AF327370-F5E6-45DF-AB66-535DE9A77227}.Test|x86.ActiveCfg = Release|x86
		{AF327370-F5E6-45DF-AB66-535DE9A77227}.Test|x86.Build.0 = Release|x86
		{AF327370-F5E6-45DF-AB66-535DE9A77227}.Test|x86.Deploy.0 = Release|x86
		{4AB1F3C5-1051-44B1-9E60-4D87F4A94E1E}.Debug|Any CPU.ActiveCfg = Debug|Any CPU
		{4AB1F3C5-1051-44B1-9E60-4D87F4A94E1E}.Debug|ARM.ActiveCfg = Debug|Any CPU
		{4AB1F3C5-1051-44B1-9E60-4D87F4A94E1E}.Debug|ARM.Build.0 = Debug|Any CPU
		{4AB1F3C5-1051-44B1-9E60-4D87F4A94E1E}.Debug|iPhone.ActiveCfg = Debug|Any CPU
		{4AB1F3C5-1051-44B1-9E60-4D87F4A94E1E}.Debug|iPhone.Build.0 = Debug|Any CPU
		{4AB1F3C5-1051-44B1-9E60-4D87F4A94E1E}.Debug|iPhoneSimulator.ActiveCfg = Debug|Any CPU
		{4AB1F3C5-1051-44B1-9E60-4D87F4A94E1E}.Debug|iPhoneSimulator.Build.0 = Debug|Any CPU
		{4AB1F3C5-1051-44B1-9E60-4D87F4A94E1E}.Debug|x64.ActiveCfg = Debug|Any CPU
		{4AB1F3C5-1051-44B1-9E60-4D87F4A94E1E}.Debug|x64.Build.0 = Debug|Any CPU
		{4AB1F3C5-1051-44B1-9E60-4D87F4A94E1E}.Debug|x86.ActiveCfg = Debug|Any CPU
		{4AB1F3C5-1051-44B1-9E60-4D87F4A94E1E}.Debug|x86.Build.0 = Debug|Any CPU
		{4AB1F3C5-1051-44B1-9E60-4D87F4A94E1E}.Release|Any CPU.ActiveCfg = Release|Any CPU
		{4AB1F3C5-1051-44B1-9E60-4D87F4A94E1E}.Release|ARM.ActiveCfg = Release|Any CPU
		{4AB1F3C5-1051-44B1-9E60-4D87F4A94E1E}.Release|ARM.Build.0 = Release|Any CPU
		{4AB1F3C5-1051-44B1-9E60-4D87F4A94E1E}.Release|iPhone.ActiveCfg = Release|Any CPU
		{4AB1F3C5-1051-44B1-9E60-4D87F4A94E1E}.Release|iPhone.Build.0 = Release|Any CPU
		{4AB1F3C5-1051-44B1-9E60-4D87F4A94E1E}.Release|iPhoneSimulator.ActiveCfg = Release|Any CPU
		{4AB1F3C5-1051-44B1-9E60-4D87F4A94E1E}.Release|iPhoneSimulator.Build.0 = Release|Any CPU
		{4AB1F3C5-1051-44B1-9E60-4D87F4A94E1E}.Release|x64.ActiveCfg = Release|Any CPU
		{4AB1F3C5-1051-44B1-9E60-4D87F4A94E1E}.Release|x64.Build.0 = Release|Any CPU
		{4AB1F3C5-1051-44B1-9E60-4D87F4A94E1E}.Release|x86.ActiveCfg = Release|Any CPU
		{4AB1F3C5-1051-44B1-9E60-4D87F4A94E1E}.Release|x86.Build.0 = Release|Any CPU
		{4AB1F3C5-1051-44B1-9E60-4D87F4A94E1E}.Test|Any CPU.ActiveCfg = Release|Any CPU
		{4AB1F3C5-1051-44B1-9E60-4D87F4A94E1E}.Test|ARM.ActiveCfg = Release|Any CPU
		{4AB1F3C5-1051-44B1-9E60-4D87F4A94E1E}.Test|ARM.Build.0 = Release|Any CPU
		{4AB1F3C5-1051-44B1-9E60-4D87F4A94E1E}.Test|iPhone.ActiveCfg = Release|Any CPU
		{4AB1F3C5-1051-44B1-9E60-4D87F4A94E1E}.Test|iPhone.Build.0 = Release|Any CPU
		{4AB1F3C5-1051-44B1-9E60-4D87F4A94E1E}.Test|iPhoneSimulator.ActiveCfg = Release|Any CPU
		{4AB1F3C5-1051-44B1-9E60-4D87F4A94E1E}.Test|iPhoneSimulator.Build.0 = Release|Any CPU
		{4AB1F3C5-1051-44B1-9E60-4D87F4A94E1E}.Test|x64.ActiveCfg = Release|Any CPU
		{4AB1F3C5-1051-44B1-9E60-4D87F4A94E1E}.Test|x64.Build.0 = Release|Any CPU
		{4AB1F3C5-1051-44B1-9E60-4D87F4A94E1E}.Test|x86.ActiveCfg = Release|Any CPU
		{4AB1F3C5-1051-44B1-9E60-4D87F4A94E1E}.Test|x86.Build.0 = Release|Any CPU
	EndGlobalSection
	GlobalSection(SolutionProperties) = preSolution
		HideSolutionNode = FALSE
	EndGlobalSection
EndGlobal
